// !$*UTF8*$!
{
	archiveVersion = 1;
	classes = {
	};
	objectVersion = 46;
	objects = {

/* Begin PBXBuildFile section */
		5935D0781E70A3E8008E41C1 /* MyTimer.swift in Sources */ = {isa = PBXBuildFile; fileRef = 5935D0771E70A3E8008E41C1 /* MyTimer.swift */; };
		59671DD01E70A028008CEFC2 /* AppDelegate.swift in Sources */ = {isa = PBXBuildFile; fileRef = 59671DCF1E70A028008CEFC2 /* AppDelegate.swift */; };
		59671DD21E70A028008CEFC2 /* ViewController.swift in Sources */ = {isa = PBXBuildFile; fileRef = 59671DD11E70A028008CEFC2 /* ViewController.swift */; };
		59671DD41E70A028008CEFC2 /* Assets.xcassets in Resources */ = {isa = PBXBuildFile; fileRef = 59671DD31E70A028008CEFC2 /* Assets.xcassets */; };
		59D3C41C1E718C920029B3F3 /* Main.storyboard in Resources */ = {isa = PBXBuildFile; fileRef = 59D3C41B1E718C920029B3F3 /* Main.storyboard */; };
		59D3C41F1E719A380029B3F3 /* InfoPlist.strings in Resources */ = {isa = PBXBuildFile; fileRef = 59D3C4211E719A380029B3F3 /* InfoPlist.strings */; };
		59D3C4241E719A390029B3F3 /* Localizable.strings in Resources */ = {isa = PBXBuildFile; fileRef = 59D3C4261E719A390029B3F3 /* Localizable.strings */; };
/* End PBXBuildFile section */

/* Begin PBXFileReference section */
		5935D0771E70A3E8008E41C1 /* MyTimer.swift */ = {isa = PBXFileReference; fileEncoding = 4; lastKnownFileType = sourcecode.swift; path = MyTimer.swift; sourceTree = "<group>"; };
		59671DCC1E70A028008CEFC2 /* AwakeTimer.app */ = {isa = PBXFileReference; explicitFileType = wrapper.application; includeInIndex = 0; path = AwakeTimer.app; sourceTree = BUILT_PRODUCTS_DIR; };
		59671DCF1E70A028008CEFC2 /* AppDelegate.swift */ = {isa = PBXFileReference; lastKnownFileType = sourcecode.swift; path = AppDelegate.swift; sourceTree = "<group>"; };
		59671DD11E70A028008CEFC2 /* ViewController.swift */ = {isa = PBXFileReference; lastKnownFileType = sourcecode.swift; path = ViewController.swift; sourceTree = "<group>"; };
		59671DD31E70A028008CEFC2 /* Assets.xcassets */ = {isa = PBXFileReference; lastKnownFileType = folder.assetcatalog; path = Assets.xcassets; sourceTree = "<group>"; };
		59671DD81E70A028008CEFC2 /* Info.plist */ = {isa = PBXFileReference; lastKnownFileType = text.plist.xml; path = Info.plist; sourceTree = "<group>"; };
		59D3C41B1E718C920029B3F3 /* Main.storyboard */ = {isa = PBXFileReference; fileEncoding = 4; lastKnownFileType = file.storyboard; path = Main.storyboard; sourceTree = "<group>"; };
		59D3C4201E719A380029B3F3 /* zh */ = {isa = PBXFileReference; lastKnownFileType = text.plist.strings; name = zh; path = zh.lproj/InfoPlist.strings; sourceTree = "<group>"; };
		59D3C4251E719A390029B3F3 /* zh */ = {isa = PBXFileReference; lastKnownFileType = text.plist.strings; name = zh; path = zh.lproj/Localizable.strings; sourceTree = "<group>"; };
		59D3C4291E719D2A0029B3F3 /* en */ = {isa = PBXFileReference; lastKnownFileType = text.plist.strings; name = en; path = en.lproj/InfoPlist.strings; sourceTree = "<group>"; };
		59D3C42A1E719D2A0029B3F3 /* en */ = {isa = PBXFileReference; lastKnownFileType = text.plist.strings; name = en; path = en.lproj/Localizable.strings; sourceTree = "<group>"; };
/* End PBXFileReference section */

/* Begin PBXFrameworksBuildPhase section */
		59671DC91E70A028008CEFC2 /* Frameworks */ = {
			isa = PBXFrameworksBuildPhase;
			buildActionMask = 2147483647;
			files = (
			);
			runOnlyForDeploymentPostprocessing = 0;
		};
/* End PBXFrameworksBuildPhase section */

/* Begin PBXGroup section */
		59671DC31E70A028008CEFC2 = {
			isa = PBXGroup;
			children = (
				59671DCE1E70A028008CEFC2 /* AwakeTimer */,
				59671DCD1E70A028008CEFC2 /* Products */,
			);
			sourceTree = "<group>";
		};
		59671DCD1E70A028008CEFC2 /* Products */ = {
			isa = PBXGroup;
			children = (
				59671DCC1E70A028008CEFC2 /* AwakeTimer.app */,
			);
			name = Products;
			sourceTree = "<group>";
		};
		59671DCE1E70A028008CEFC2 /* AwakeTimer */ = {
			isa = PBXGroup;
			children = (
				59D3C4261E719A390029B3F3 /* Localizable.strings */,
				59D3C4211E719A380029B3F3 /* InfoPlist.strings */,
				59D3C41B1E718C920029B3F3 /* Main.storyboard */,
				59671DCF1E70A028008CEFC2 /* AppDelegate.swift */,
				59671DD11E70A028008CEFC2 /* ViewController.swift */,
				5935D0771E70A3E8008E41C1 /* MyTimer.swift */,
				59671DD31E70A028008CEFC2 /* Assets.xcassets */,
				59671DD81E70A028008CEFC2 /* Info.plist */,
			);
			path = AwakeTimer;
			sourceTree = "<group>";
		};
/* End PBXGroup section */

/* Begin PBXNativeTarget section */
		59671DCB1E70A028008CEFC2 /* AwakeTimer */ = {
			isa = PBXNativeTarget;
			buildConfigurationList = 59671DDB1E70A028008CEFC2 /* Build configuration list for PBXNativeTarget "AwakeTimer" */;
			buildPhases = (
				59671DC81E70A028008CEFC2 /* Sources */,
				59671DC91E70A028008CEFC2 /* Frameworks */,
				59671DCA1E70A028008CEFC2 /* Resources */,
			);
			buildRules = (
			);
			dependencies = (
			);
			name = AwakeTimer;
			productName = AwakeTimer;
			productReference = 59671DCC1E70A028008CEFC2 /* AwakeTimer.app */;
			productType = "com.apple.product-type.application";
		};
/* End PBXNativeTarget section */

/* Begin PBXProject section */
		59671DC41E70A028008CEFC2 /* Project object */ = {
			isa = PBXProject;
			attributes = {
				LastSwiftUpdateCheck = 0820;
				LastUpgradeCheck = 0830;
				ORGANIZATIONNAME = Ranboo;
				TargetAttributes = {
					59671DCB1E70A028008CEFC2 = {
						CreatedOnToolsVersion = 8.2.1;
						DevelopmentTeam = Y28TUJ7D5E;
						LastSwiftMigration = 0820;
						ProvisioningStyle = Automatic;
					};
				};
			};
			buildConfigurationList = 59671DC71E70A028008CEFC2 /* Build configuration list for PBXProject "AwakeTimer" */;
			compatibilityVersion = "Xcode 3.2";
			developmentRegion = English;
			hasScannedForEncodings = 0;
			mainGroup = 59671DC31E70A028008CEFC2;
			productRefGroup = 59671DCD1E70A028008CEFC2 /* Products */;
			projectDirPath = "";
			projectRoot = "";
			targets = (
				59671DCB1E70A028008CEFC2 /* AwakeTimer */,
			);
		};
/* End PBXProject section */

/* Begin PBXResourcesBuildPhase section */
		59671DCA1E70A028008CEFC2 /* Resources */ = {
			isa = PBXResourcesBuildPhase;
			buildActionMask = 2147483647;
			files = (
				59D3C4241E719A390029B3F3 /* Localizable.strings in Resources */,
				59671DD41E70A028008CEFC2 /* Assets.xcassets in Resources */,
				59D3C41C1E718C920029B3F3 /* Main.storyboard in Resources */,
				59D3C41F1E719A380029B3F3 /* InfoPlist.strings in Resources */,
			);
			runOnlyForDeploymentPostprocessing = 0;
		};
/* End PBXResourcesBuildPhase section */

/* Begin PBXSourcesBuildPhase section */
		59671DC81E70A028008CEFC2 /* Sources */ = {
			isa = PBXSourcesBuildPhase;
			buildActionMask = 2147483647;
			files = (
				59671DD21E70A028008CEFC2 /* ViewController.swift in Sources */,
				5935D0781E70A3E8008E41C1 /* MyTimer.swift in Sources */,
				59671DD01E70A028008CEFC2 /* AppDelegate.swift in Sources */,
			);
			runOnlyForDeploymentPostprocessing = 0;
		};
/* End PBXSourcesBuildPhase section */

/* Begin PBXVariantGroup section */
		59D3C4211E719A380029B3F3 /* InfoPlist.strings */ = {
			isa = PBXVariantGroup;
			children = (
				59D3C4201E719A380029B3F3 /* zh */,
				59D3C4291E719D2A0029B3F3 /* en */,
			);
			name = InfoPlist.strings;
			sourceTree = "<group>";
		};
		59D3C4261E719A390029B3F3 /* Localizable.strings */ = {
			isa = PBXVariantGroup;
			children = (
				59D3C4251E719A390029B3F3 /* zh */,
				59D3C42A1E719D2A0029B3F3 /* en */,
			);
			name = Localizable.strings;
			sourceTree = "<group>";
		};
/* End PBXVariantGroup section */

/* Begin XCBuildConfiguration section */
		59671DD91E70A028008CEFC2 /* Debug */ = {
			isa = XCBuildConfiguration;
			buildSettings = {
				ALWAYS_SEARCH_USER_PATHS = NO;
				CLANG_ANALYZER_LOCALIZABILITY_NONLOCALIZED = YES;
				CLANG_ANALYZER_NONNULL = YES;
				CLANG_CXX_LANGUAGE_STANDARD = "gnu++0x";
				CLANG_CXX_LIBRARY = "libc++";
				CLANG_ENABLE_MODULES = YES;
				CLANG_ENABLE_OBJC_ARC = YES;
				CLANG_WARN_BOOL_CONVERSION = YES;
				CLANG_WARN_CONSTANT_CONVERSION = YES;
				CLANG_WARN_DIRECT_OBJC_ISA_USAGE = YES_ERROR;
				CLANG_WARN_DOCUMENTATION_COMMENTS = YES;
				CLANG_WARN_EMPTY_BODY = YES;
				CLANG_WARN_ENUM_CONVERSION = YES;
				CLANG_WARN_INFINITE_RECURSION = YES;
				CLANG_WARN_INT_CONVERSION = YES;
				CLANG_WARN_OBJC_ROOT_CLASS = YES_ERROR;
				CLANG_WARN_SUSPICIOUS_MOVE = YES;
				CLANG_WARN_UNREACHABLE_CODE = YES;
				CLANG_WARN__DUPLICATE_METHOD_MATCH = YES;
				CODE_SIGN_IDENTITY = "-";
				COPY_PHASE_STRIP = NO;
				DEBUG_INFORMATION_FORMAT = dwarf;
				ENABLE_STRICT_OBJC_MSGSEND = YES;
				ENABLE_TESTABILITY = YES;
				GCC_C_LANGUAGE_STANDARD = gnu99;
				GCC_DYNAMIC_NO_PIC = NO;
				GCC_NO_COMMON_BLOCKS = YES;
				GCC_OPTIMIZATION_LEVEL = 0;
				GCC_PREPROCESSOR_DEFINITIONS = (
					"DEBUG=1",
					"$(inherited)",
				);
				GCC_WARN_64_TO_32_BIT_CONVERSION = YES;
				GCC_WARN_ABOUT_RETURN_TYPE = YES_ERROR;
				GCC_WARN_UNDECLARED_SELECTOR = YES;
				GCC_WARN_UNINITIALIZED_AUTOS = YES_AGGRESSIVE;
				GCC_WARN_UNUSED_FUNCTION = YES;
				GCC_WARN_UNUSED_VARIABLE = YES;
				MACOSX_DEPLOYMENT_TARGET = 10.12;
				MTL_ENABLE_DEBUG_INFO = YES;
				ONLY_ACTIVE_ARCH = YES;
				SDKROOT = macosx;
				SWIFT_ACTIVE_COMPILATION_CONDITIONS = DEBUG;
				SWIFT_OPTIMIZATION_LEVEL = "-Onone";
			};
			name = Debug;
		};
		59671DDA1E70A028008CEFC2 /* Release */ = {
			isa = XCBuildConfiguration;
			buildSettings = {
				ALWAYS_SEARCH_USER_PATHS = NO;
				CLANG_ANALYZER_LOCALIZABILITY_NONLOCALIZED = YES;
				CLANG_ANALYZER_NONNULL = YES;
				CLANG_CXX_LANGUAGE_STANDARD = "gnu++0x";
				CLANG_CXX_LIBRARY = "libc++";
				CLANG_ENABLE_MODULES = YES;
				CLANG_ENABLE_OBJC_ARC = YES;
				CLANG_WARN_BOOL_CONVERSION = YES;
				CLANG_WARN_CONSTANT_CONVERSION = YES;
				CLANG_WARN_DIRECT_OBJC_ISA_USAGE = YES_ERROR;
				CLANG_WARN_DOCUMENTATION_COMMENTS = YES;
				CLANG_WARN_EMPTY_BODY = YES;
				CLANG_WARN_ENUM_CONVERSION = YES;
				CLANG_WARN_INFINITE_RECURSION = YES;
				CLANG_WARN_INT_CONVERSION = YES;
				CLANG_WARN_OBJC_ROOT_CLASS = YES_ERROR;
				CLANG_WARN_SUSPICIOUS_MOVE = YES;
				CLANG_WARN_UNREACHABLE_CODE = YES;
				CLANG_WARN__DUPLICATE_METHOD_MATCH = YES;
				CODE_SIGN_IDENTITY = "-";
				COPY_PHASE_STRIP = NO;
				DEBUG_INFORMATION_FORMAT = "dwarf-with-dsym";
				ENABLE_NS_ASSERTIONS = NO;
				ENABLE_STRICT_OBJC_MSGSEND = YES;
				GCC_C_LANGUAGE_STANDARD = gnu99;
				GCC_NO_COMMON_BLOCKS = YES;
				GCC_WARN_64_TO_32_BIT_CONVERSION = YES;
				GCC_WARN_ABOUT_RETURN_TYPE = YES_ERROR;
				GCC_WARN_UNDECLARED_SELECTOR = YES;
				GCC_WARN_UNINITIALIZED_AUTOS = YES_AGGRESSIVE;
				GCC_WARN_UNUSED_FUNCTION = YES;
				GCC_WARN_UNUSED_VARIABLE = YES;
				MACOSX_DEPLOYMENT_TARGET = 10.12;
				MTL_ENABLE_DEBUG_INFO = NO;
				SDKROOT = macosx;
				SWIFT_OPTIMIZATION_LEVEL = "-Owholemodule";
			};
			name = Release;
		};
		59671DDC1E70A028008CEFC2 /* Debug */ = {
			isa = XCBuildConfiguration;
			buildSettings = {
				ASSETCATALOG_COMPILER_APPICON_NAME = AppIcon;
				COMBINE_HIDPI_IMAGES = YES;
				DEVELOPMENT_TEAM = Y28TUJ7D5E;
				INFOPLIST_FILE = AwakeTimer/Info.plist;
				LD_RUNPATH_SEARCH_PATHS = "$(inherited) @executable_path/../Frameworks";
				PRODUCT_BUNDLE_IDENTIFIER = com.ranboo.AwakeTimer;
				PRODUCT_NAME = "$(TARGET_NAME)";
				SWIFT_VERSION = 3.0;
			};
			name = Debug;
		};
		59671DDD1E70A028008CEFC2 /* Release */ = {
			isa = XCBuildConfiguration;
			buildSettings = {
				ASSETCATALOG_COMPILER_APPICON_NAME = AppIcon;
				COMBINE_HIDPI_IMAGES = YES;
				DEVELOPMENT_TEAM = Y28TUJ7D5E;
				INFOPLIST_FILE = AwakeTimer/Info.plist;
				LD_RUNPATH_SEARCH_PATHS = "$(inherited) @executable_path/../Frameworks";
				PRODUCT_BUNDLE_IDENTIFIER = com.ranboo.AwakeTimer;
				PRODUCT_NAME = "$(TARGET_NAME)";
				SWIFT_VERSION = 3.0;
			};
			name = Release;
		};
/* End XCBuildConfiguration section */

/* Begin XCConfigurationList section */
		59671DC71E70A028008CEFC2 /* Build configuration list for PBXProject "AwakeTimer" */ = {
			isa = XCConfigurationList;
			buildConfigurations = (
				59671DD91E70A028008CEFC2 /* Debug */,
				59671DDA1E70A028008CEFC2 /* Release */,
			);
			defaultConfigurationIsVisible = 0;
			defaultConfigurationName = Release;
		};
		59671DDB1E70A028008CEFC2 /* Build configuration list for PBXNativeTarget "AwakeTimer" */ = {
			isa = XCConfigurationList;
			buildConfigurations = (
				59671DDC1E70A028008CEFC2 /* Debug */,
				59671DDD1E70A028008CEFC2 /* Release */,
			);
			defaultConfigurationIsVisible = 0;
			defaultConfigurationName = Release;
		};
/* End XCConfigurationList section */
	};
	rootObject = 59671DC41E70A028008CEFC2 /* Project object */;
}
